// !$*UTF8*$!
{
	archiveVersion = 1;
	classes = {
	};
	objectVersion = 55;
	objects = {

/* Begin PBXBuildFile section */
		A10001 /* LunarCalendarBarApp.swift in Sources */ = {isa = PBXBuildFile; fileRef = A20001; };
		A10002 /* AppDelegate.swift in Sources */ = {isa = PBXBuildFile; fileRef = A20002; };
		A10003 /* CalendarPopoverView.swift in Sources */ = {isa = PBXBuildFile; fileRef = A20003; };
		A10004 /* CalendarHeaderView.swift in Sources */ = {isa = PBXBuildFile; fileRef = A20004; };
		A10005 /* CalendarGridView.swift in Sources */ = {isa = PBXBuildFile; fileRef = A20005; };
		A10006 /* CalendarViewModel.swift in Sources */ = {isa = PBXBuildFile; fileRef = A20006; };
		A10007 /* CalendarDay.swift in Sources */ = {isa = PBXBuildFile; fileRef = A20007; };
		A10008 /* LunarService.swift in Sources */ = {isa = PBXBuildFile; fileRef = A20008; };
/* End PBXBuildFile section */

/* Begin PBXFileReference section */
		A20001 /* LunarCalendarBarApp.swift */ = {isa = PBXFileReference; lastKnownFileType = sourcecode.swift; path = LunarCalendarBarApp.swift; sourceTree = "<group>"; };
		A20002 /* AppDelegate.swift */ = {isa = PBXFileReference; lastKnownFileType = sourcecode.swift; path = AppDelegate.swift; sourceTree = "<group>"; };
		A20003 /* CalendarPopoverView.swift */ = {isa = PBXFileReference; lastKnownFileType = sourcecode.swift; path = CalendarPopoverView.swift; sourceTree = "<group>"; };
		A20004 /* CalendarHeaderView.swift */ = {isa = PBXFileReference; lastKnownFileType = sourcecode.swift; path = CalendarHeaderView.swift; sourceTree = "<group>"; };
		A20005 /* CalendarGridView.swift */ = {isa = PBXFileReference; lastKnownFileType = sourcecode.swift; path = CalendarGridView.swift; sourceTree = "<group>"; };
		A20006 /* CalendarViewModel.swift */ = {isa = PBXFileReference; lastKnownFileType = sourcecode.swift; path = CalendarViewModel.swift; sourceTree = "<group>"; };
		A20007 /* CalendarDay.swift */ = {isa = PBXFileReference; lastKnownFileType = sourcecode.swift; path = CalendarDay.swift; sourceTree = "<group>"; };
		A20008 /* LunarService.swift */ = {isa = PBXFileReference; lastKnownFileType = sourcecode.swift; path = LunarService.swift; sourceTree = "<group>"; };
		A30001 /* Info.plist */ = {isa = PBXFileReference; lastKnownFileType = text.plist.xml; path = Info.plist; sourceTree = "<group>"; };
		A40001 /* Assets.xcassets */ = {isa = PBXFileReference; lastKnownFileType = folder.assetcatalog; path = Assets.xcassets; sourceTree = "<group>"; };
		A50001 /* LunarCalendarBar.app */ = {isa = PBXFileReference; explicitFileType = wrapper.application; includeInIndex = 0; path = LunarCalendarBar.app; sourceTree = BUILT_PRODUCTS_DIR; };
/* End PBXFileReference section */

/* Begin PBXFrameworksBuildPhase section */
		A50002 /* Frameworks */ = {
			isa = PBXFrameworksBuildPhase;
			buildActionMask = 2147483647;
			files = (
			);
			runOnlyForDeploymentPostprocessing = 0;
		};
/* End PBXFrameworksBuildPhase section */

/* Begin PBXGroup section */
		A60001 = {
			isa = PBXGroup;
			children = (
				A60002 /* LunarCalendarBar */,
				A60003 /* Products */,
			);
			sourceTree = "<group>";
		};
		A60002 /* LunarCalendarBar */ = {
			isa = PBXGroup;
			children = (
				A20001 /* LunarCalendarBarApp.swift */,
				A20002 /* AppDelegate.swift */,
				A20003 /* CalendarPopoverView.swift */,
				A20004 /* CalendarHeaderView.swift */,
				A20005 /* CalendarGridView.swift */,
				A20006 /* CalendarViewModel.swift */,
				A20007 /* CalendarDay.swift */,
				A20008 /* LunarService.swift */,
				A60004 /* Resources */,
			);
			sourceTree = "<group>";
		};
		A60004 /* Resources */ = {
			isa = PBXGroup;
			children = (
				A30001 /* Info.plist */,
				A40001 /* Assets.xcassets */,
			);
			sourceTree = "<group>";
		};
		A60003 /* Products */ = {
			isa = PBXGroup;
			children = (
				A50001 /* LunarCalendarBar.app */,
			);
			name = Products;
			sourceTree = "<group>";
		};
/* End PBXGroup section */

/* Begin PBXNativeTarget section */
		A50003 /* LunarCalendarBar */ = {
			isa = PBXNativeTarget;
			buildConfigurationList = A70001 /* Build configuration list for PBXNativeTarget "LunarCalendarBar" */;
			buildPhases = (
				A50004 /* Sources */,
				A50002 /* Frameworks */,
				A50005 /* Resources */,
			);
			buildRules = (
			);
			dependencies = (
			);
			name = LunarCalendarBar;
			productName = LunarCalendarBar;
			productReference = A50001 /* LunarCalendarBar.app */;
			productType = "com.apple.product-type.application";
		};
/* End PBXNativeTarget section */

/* Begin PBXProject section */
		A60005 /* Project object */ = {
			isa = PBXProject;
			attributes = {
				BuildIndependentTargetsInParallel = 1;
				LastSwiftUpdateCheck = 1500;
				LastUpgradeCheck = 1500;
				TargetAttributes = {
					A50003 = {
						CreatedOnToolsVersion = 15.0;
					};
				};
			};
			buildConfigurationList = A70002 /* Build configuration list for PBXProject "LunarCalendarBar" */;
			compatibilityVersion = "Xcode 14.0";
			developmentRegion = en;
			hasScannedForEncodings = 0;
			knownRegions = (
				en,
				Base,
			);
			mainGroup = A60001;
			productRefGroup = A60003 /* Products */;
			projectDirPath = "";
			projectRoot = "";
			targets = (
				A50003 /* LunarCalendarBar */,
			);
		};
/* End PBXProject section */

/* Begin PBXResourcesBuildPhase section */
		A50005 /* Resources */ = {
			isa = PBXResourcesBuildPhase;
			buildActionMask = 2147483647;
			files = (
			);
			runOnlyForDeploymentPostprocessing = 0;
		};
/* End PBXResourcesBuildPhase section */

/* Begin PBXSourcesBuildPhase section */
		A50004 /* Sources */ = {
			isa = PBXSourcesBuildPhase;
			buildActionMask = 2147483647;
			files = (
				A10001 /* LunarCalendarBarApp.swift in Sources */,
				A10002 /* AppDelegate.swift in Sources */,
				A10003 /* CalendarPopoverView.swift in Sources */,
				A10004 /* CalendarHeaderView.swift in Sources */,
				A10005 /* CalendarGridView.swift in Sources */,
				A10006 /* CalendarViewModel.swift in Sources */,
				A10007 /* CalendarDay.swift in Sources */,
				A10008 /* LunarService.swift in Sources */,
			);
			runOnlyForDeploymentPostprocessing = 0;
		};
/* End PBXSourcesBuildPhase section */

/* Begin XCBuildConfiguration section */
		A70003 /* Debug */ = {
			isa = XCBuildConfiguration;
			buildSettings = {
				ALWAYS_SEARCH_USER_PATHS = NO;
				ASSETCATALOG_COMPILER_APPICON_NAME = AppIcon;
				CLANG_ENABLE_MODULES = YES;
				COPY_PHASE_STRIP = NO;
				DEBUG_INFORMATION_FORMAT = dwarf;
				ENABLE_TESTABILITY = YES;
				GCC_C_LANGUAGE_STANDARD = gnu17;
				GCC_OPTIMIZATION_LEVEL = 0;
				GCC_PREPROCESSOR_DEFINITIONS = (
					"DEBUG=1",
					"$(inherited)",
				);
				INFOPLIST_FILE = LunarCalendarBar/Resources/Info.plist;
				PRODUCT_NAME = LunarCalendarBar;
				PRODUCT_MODULE_NAME = LunarCalendarBar;
				MACOSX_DEPLOYMENT_TARGET = 14.0;
				MTL_ENABLE_DEBUG_INFO = INCLUDE_SOURCE;
				ONLY_ACTIVE_ARCH = YES;
				SDKROOT = macosx;
				SWIFT_ACTIVE_COMPILATION_CONDITIONS = "DEBUG $(inherited)";
				SWIFT_OPTIMIZATION_LEVEL = "-Onone";
				SWIFT_VERSION = 5.0;
			};
			name = Debug;
		};
		A70004 /* Release */ = {
			isa = XCBuildConfiguration;
			buildSettings = {
				ALWAYS_SEARCH_USER_PATHS = NO;
				ASSETCATALOG_COMPILER_APPICON_NAME = AppIcon;
				CLANG_ENABLE_MODULES = YES;
				COPY_PHASE_STRIP = NO;
				DEBUG_INFORMATION_FORMAT = "dwarf-with-dsym";
				ENABLE_NS_ASSERTIONS = NO;
				GCC_C_LANGUAGE_STANDARD = gnu17;
				INFOPLIST_FILE = LunarCalendarBar/Resources/Info.plist;
				PRODUCT_NAME = LunarCalendarBar;
				PRODUCT_MODULE_NAME = LunarCalendarBar;
				MACOSX_DEPLOYMENT_TARGET = 14.0;
				MTL_ENABLE_DEBUG_INFO = NO;
				SDKROOT = macosx;
				SWIFT_COMPILATION_MODE = wholemodule;
				SWIFT_VERSION = 5.0;
			};
			name = Release;
		};
/* End XCBuildConfiguration section */

/* Begin XCConfigurationList section */
		A70001 /* Build configuration list for PBXNativeTarget "LunarCalendarBar" */ = {
			isa = XCConfigurationList;
			buildConfigurations = (
				A70003 /* Debug */,
				A70004 /* Release */,
			);
			defaultConfigurationIsVisible = 0;
			defaultConfigurationName = Release;
		};
		A70002 /* Build configuration list for PBXProject "LunarCalendarBar" */ = {
			isa = XCConfigurationList;
			buildConfigurations = (
				A70003 /* Debug */,
				A70004 /* Release */,
			);
			defaultConfigurationIsVisible = 0;
			defaultConfigurationName = Release;
		};
/* End XCConfigurationList section */
	};
	rootObject = A60005 /* Project object */;
}